
Microsoft Visual Studio Solution File, Format Version 12.00
# Visual Studio 15
VisualStudioVersion = 15.0.27703.2000
MinimumVisualStudioVersion = 10.0.40219.1
Project("{FAE04EC0-301F-11D3-BF4B-00C04F79EFBC}") = "EventsApi", "EventsApi\EventsApi.csproj", "{8BB17D36-E216-43C2-B951-6D6C5E561A5A}"
EndProject
Project("{9A19103F-16F7-4668-BE54-9A1E7A4F7556}") = "EventsApi.Tests", "EventsApi.Tests\EventsApi.Tests.csproj", "{F490F5B9-C6B9-429D-8FEC-32730EB7248D}"
EndProject
Global
	GlobalSection(SolutionConfigurationPlatforms) = preSolution
		Debug|Any CPU = Debug|Any CPU
		Release|Any CPU = Release|Any CPU
	EndGlobalSection
	GlobalSection(ProjectConfigurationPlatforms) = postSolution
		{8BB17D36-E216-43C2-B951-6D6C5E561A5A}.Debug|Any CPU.ActiveCfg = Debug|Any CPU
		{8BB17D36-E216-43C2-B951-6D6C5E561A5A}.Debug|Any CPU.Build.0 = Debug|Any CPU
		{8BB17D36-E216-43C2-B951-6D6C5E561A5A}.Release|Any CPU.ActiveCfg = Release|Any CPU
		{8BB17D36-E216-43C2-B951-6D6C5E561A5A}.Release|Any CPU.Build.0 = Release|Any CPU
		{F490F5B9-C6B9-429D-8FEC-32730EB7248D}.Debug|Any CPU.ActiveCfg = Debug|Any CPU
		{F490F5B9-C6B9-429D-8FEC-32730EB7248D}.Debug|Any CPU.Build.0 = Debug|Any CPU
		{F490F5B9-C6B9-429D-8FEC-32730EB7248D}.Release|Any CPU.ActiveCfg = Release|Any CPU
		{F490F5B9-C6B9-429D-8FEC-32730EB7248D}.Release|Any CPU.Build.0 = Release|Any CPU
	EndGlobalSection
	GlobalSection(SolutionProperties) = preSolution
		HideSolutionNode = FALSE
	EndGlobalSection
	GlobalSection(ExtensibilityGlobals) = postSolution
		SolutionGuid = {264E082B-F716-428E-A1E8-93D0DC0D3E14}
	EndGlobalSection
EndGlobal
